
Microsoft Visual Studio Solution File, Format Version 12.00
# Visual Studio Version 17
VisualStudioVersion = 17.2.32616.157
MinimumVisualStudioVersion = 10.0.40219.1
Project("{FAE04EC0-301F-11D3-BF4B-00C04F79EFBC}") = "WebProject_FM6", "WebProject_FM6\WebProject_FM6.csproj", "{4B44E66E-3DED-4B72-94A5-A870E1CE5272}"
EndProject
Global
	GlobalSection(SolutionConfigurationPlatforms) = preSolution
		Debug|Any CPU = Debug|Any CPU
		Release|Any CPU = Release|Any CPU
	EndGlobalSection
	GlobalSection(ProjectConfigurationPlatforms) = postSolution
		{4B44E66E-3DED-4B72-94A5-A870E1CE5272}.Debug|Any CPU.ActiveCfg = Debug|Any CPU
		{4B44E66E-3DED-4B72-94A5-A870E1CE5272}.Debug|Any CPU.Build.0 = Debug|Any CPU
		{4B44E66E-3DED-4B72-94A5-A870E1CE5272}.Release|Any CPU.ActiveCfg = Release|Any CPU
		{4B44E66E-3DED-4B72-94A5-A870E1CE5272}.Release|Any CPU.Build.0 = Release|Any CPU
	EndGlobalSection
	GlobalSection(SolutionProperties) = preSolution
		HideSolutionNode = FALSE
	EndGlobalSection
	GlobalSection(ExtensibilityGlobals) = postSolution
		SolutionGuid = {BD12369B-25EC-46D5-A07B-F52F06340075}
	EndGlobalSection
EndGlobal
